
Microsoft Visual Studio Solution File, Format Version 12.00
# Visual Studio Version 17
VisualStudioVersion = 17.10.35027.167
MinimumVisualStudioVersion = 10.0.40219.1
Project("{FAE04EC0-301F-11D3-BF4B-00C04F79EFBC}") = "ConsoleApp3", "ConsoleApp3\ConsoleApp3.csproj", "{0353CA0D-2826-443A-8C11-E59ED9D8E73E}"
EndProject
Global
	GlobalSection(SolutionConfigurationPlatforms) = preSolution
		Debug|Any CPU = Debug|Any CPU
		Release|Any CPU = Release|Any CPU
	EndGlobalSection
	GlobalSection(ProjectConfigurationPlatforms) = postSolution
		{0353CA0D-2826-443A-8C11-E59ED9D8E73E}.Debug|Any CPU.ActiveCfg = Debug|Any CPU
		{0353CA0D-2826-443A-8C11-E59ED9D8E73E}.Debug|Any CPU.Build.0 = Debug|Any CPU
		{0353CA0D-2826-443A-8C11-E59ED9D8E73E}.Release|Any CPU.ActiveCfg = Release|Any CPU
		{0353CA0D-2826-443A-8C11-E59ED9D8E73E}.Release|Any CPU.Build.0 = Release|Any CPU
	EndGlobalSection
	GlobalSection(SolutionProperties) = preSolution
		HideSolutionNode = FALSE
	EndGlobalSection
	GlobalSection(ExtensibilityGlobals) = postSolution
		SolutionGuid = {8D2BCD87-E76A-4D50-9C39-5615B76CD556}
	EndGlobalSection
EndGlobal
